Microsoft Visual Studio Solution File, Format Version 12.00
# Visual Studio 14
VisualStudioVersion = 14.0.25420.1
MinimumVisualStudioVersion = 10.0.40219.1
Project("{2150E333-8FDC-42A3-9474-1A3956D46DE8}") = "Solution Items", "Solution Items", "{553EC33E-9816-4996-A660-5D6186A0B0B3}"
	ProjectSection(SolutionItems) = preProject
		..\Modules\getbuildinfo.c = ..\Modules\getbuildinfo.c
		readme.txt = readme.txt
	EndProjectSection
EndProject
Project("{8BC9CEB8-8B4A-11D0-8D11-00A0C91BC942}") = "pythoncore", "pythoncore.vcxproj", "{CF7AC3D1-E2DF-41D2-BEA6-1E2556CDEA26}"
EndProject
Global
	GlobalSection(SolutionConfigurationPlatforms) = preSolution
		Debug|Win32 = Debug|Win32
		Release|Win32 = Release|Win32
	EndGlobalSection
	GlobalSection(ProjectConfigurationPlatforms) = postSolution
		{CF7AC3D1-E2DF-41D2-BEA6-1E2556CDEA26}.Debug|Win32.ActiveCfg = Debug|Win32
		{CF7AC3D1-E2DF-41D2-BEA6-1E2556CDEA26}.Debug|Win32.Build.0 = Debug|Win32
		{CF7AC3D1-E2DF-41D2-BEA6-1E2556CDEA26}.Release|Win32.ActiveCfg = Release|Win32
		{CF7AC3D1-E2DF-41D2-BEA6-1E2556CDEA26}.Release|Win32.Build.0 = Release|Win32
	EndGlobalSection
	GlobalSection(SolutionProperties) = preSolution
		HideSolutionNode = FALSE
	EndGlobalSection
	GlobalSection(ExtensibilityGlobals) = postSolution
		SolutionGuid = {5C33FFD3-C8DC-4A54-B842-8BA9846BDFFE}
	EndGlobalSection
EndGlobal
